github.com/bopher/jalali v1.1.1 h1:sXL3qRMF143TD55T0qWMpYvPZT8srHG86OvA/PAh6dU=
github.com/bopher/jalali v1.1.1/go.mod h1:Vqd9+q/aVLPN5q6im0g5ZWDbrR+WqKFy8P/wxF19vBs=
github.com/bopher/jalali v1.1.2 h1:b17Di5IqvpZ2oL91D+8awMSMqaMDfsDBjfdvUYL1xzc=
github.com/bopher/jalali v1.1.2/go.mod h1:i/A72EaQAbX9KObpPZtbo4dCRtYCmyJR98sq3GL3oUQ=
github.com/bopher/utils v1.6.4 h1:0obRmWTW+iv8JwZSKctCGXozH2Dw8mV6qy1UXLd5AGM=
github.com/bopher/utils v1.6.4/go.mod h1:QfBtIVxm77QciaFkXxKNUQ6U+dZBK89yZUmPC5PDUwU=
github.com/bopher/utils v1.7.3 h1:Yeo3gEzCamYIMsb7D6Bo7dwfnpT2MAonD8HxvjFE4wI=
github.com/bopher/utils v1.7.3/go.mod h1:XqATdAR/qq9SAbDrkIG6Dx2DFsBo/ldwGfx9za+8J64=
github.com/gabriel-vasile/mimetype v1.4.0 h1:Cn9dkdYsMIu56tGho+fqzh7XmvY2YyGU0FnbhiOsEro=
github.com/gabriel-vasile/mimetype v1.4.0/go.mod h1:fA8fi6KUiG7MgQQ+mEWotXoEOvmxRtOJlERCzSmRvr8=
github.com/yaa110/go-persian-calendar v1.0.2 h1:G5z6Heg4f2v4fwGSyRGXFsapr27RtrVScGsPttVyuxU=
github.com/yaa110/go-persian-calendar v1.0.2/go.mod h1:qtnmHCS9u1EiwzzSCSttGoxD5NfV9ZMzymxFCBYmqfg=
golang.org/x/net v0.0.0-20210505024714-0287a6fb4125/go.mod h1:9nx3DQGgdP8bBQD5qxJ1jj9UTztislL4KSBs9R2vV5Y=
golang.org/x/net v0.0.0-20220127200216-cd36cc0744dd h1:O7DYs+zxREGLKzKoMQrtrEacpb0ZVXA5rIwylE2Xchk=
golang.org/x/net v0.0.0-20220127200216-cd36cc0744dd/go.mod h1:CfG3xpIq0wQ8r1q4Su4UZFWDARRcnwPjda9FqA0JpMk=
golang.org/x/net v0.0.0-20220607020251-c690dde0001d h1:4SFsTMi4UahlKoloni7L4eYzhFRifURQLw+yv0QDCx8=
golang.org/x/net v0.0.0-20220607020251-c690dde0001d/go.mod h1:XRhObCWvk6IyKnWLug+ECip1KBveYUHfp+8e9klMJ9c=
golang.org/x/sys v0.0.0-20201119102817-f84b799fce68/go.mod h1:h1NjWce9XRLGQEsW7wpKNCjG9DtNlClVuFLEZdDNbEs=
golang.org/x/sys v0.0.0-20210423082822-04245dca01da/go.mod h1:h1NjWce9XRLGQEsW7wpKNCjG9DtNlClVuFLEZdDNbEs=
golang.org/x/sys v0.0.0-20210615035016-665e8c7367d1/go.mod h1:oPkhp1MJrh7nUepCBck5+mAzfO9JrbApNNgaTdGDITg=
golang.org/x/sys v0.0.0-20211216021012-1d35b9e2eb4e/go.mod h1:oPkhp1MJrh7nUepCBck5+mAzfO9JrbApNNgaTdGDITg=
golang.org/x/term v0.0.0-20201126162022-7de9c90e9dd1/go.mod h1:bj7SfCRtBDWHUb9snDiAeCFNEtKQo2Wmx5Cou7ajbmo=
golang.org/x/term v0.0.0-20210927222741-03fcf44c2211/go.mod h1:jbD1KX2456YbFQfuXm/mYQcufACuNUgVhRMnK/tPxf8=
golang.org/x/text v0.3.6/go.mod h1:5Zoc/QRtKVWzQhOtBMvqHzDpF6irO9z98xDceosuGiQ=
golang.org/x/text v0.3.7 h1:olpwvP2KacW1ZWvsR7uQhoyTYvKAupfQrRGBFM352Gk=
golang.org/x/text v0.3.7/go.mod h1:u+2+/6zg+i71rQMx5EYifcz6MCKuco9NR6JIITiCfzQ=
golang.org/x/tools v0.0.0-20180917221912-90fa682c2a6e/go.mod h1:n7NCudcB/nEzxVGmLbDWY5pfWTLqBcC2KZ6jyYvM4mQ=
