github.com/bopher/jalali v1.1.0 h1:/m7a3bMPV75JHINbmHpWwpjkRMRmZDihzZjkeYRPr+A=
github.com/bopher/jalali v1.1.0/go.mod h1:Vqd9+q/aVLPN5q6im0g5ZWDbrR+WqKFy8P/wxF19vBs=
github.com/bopher/utils v1.6.0 h1:kB8VtlI5zRDQdL4WTdYlB/SWAFXjKxhYw9JypvxWs58=
github.com/bopher/utils v1.6.0/go.mod h1:xsyFIzO8jg8AGhAcCfZ7piUGpmsiL8nSNVsbNeC6LSg=
github.com/yaa110/go-persian-calendar v1.0.2 h1:G5z6Heg4f2v4fwGSyRGXFsapr27RtrVScGsPttVyuxU=
github.com/yaa110/go-persian-calendar v1.0.2/go.mod h1:qtnmHCS9u1EiwzzSCSttGoxD5NfV9ZMzymxFCBYmqfg=
golang.org/x/text v0.3.7 h1:olpwvP2KacW1ZWvsR7uQhoyTYvKAupfQrRGBFM352Gk=
golang.org/x/text v0.3.7/go.mod h1:u+2+/6zg+i71rQMx5EYifcz6MCKuco9NR6JIITiCfzQ=
golang.org/x/tools v0.0.0-20180917221912-90fa682c2a6e/go.mod h1:n7NCudcB/nEzxVGmLbDWY5pfWTLqBcC2KZ6jyYvM4mQ=
